// !$*UTF8*$!
{
	archiveVersion = 1;
	classes = {
	};
	objectVersion = 46;
	objects = {

/* Begin PBXBuildFile section */
		00C41B9F1E699CAB00D8AFBF /* AppDelegate.swift in Sources */ = {isa = PBXBuildFile; fileRef = 00C41B9E1E699CAB00D8AFBF /* AppDelegate.swift */; };
		00C41BA11E699CAB00D8AFBF /* ViewController.swift in Sources */ = {isa = PBXBuildFile; fileRef = 00C41BA01E699CAB00D8AFBF /* ViewController.swift */; };
		00C41BA41E699CAB00D8AFBF /* Main.storyboard in Resources */ = {isa = PBXBuildFile; fileRef = 00C41BA21E699CAB00D8AFBF /* Main.storyboard */; };
		00C41BA61E699CAB00D8AFBF /* Assets.xcassets in Resources */ = {isa = PBXBuildFile; fileRef = 00C41BA51E699CAB00D8AFBF /* Assets.xcassets */; };
		00C41BA91E699CAB00D8AFBF /* LaunchScreen.storyboard in Resources */ = {isa = PBXBuildFile; fileRef = 00C41BA71E699CAB00D8AFBF /* LaunchScreen.storyboard */; };
		00C41BB41E699CAB00D8AFBF /* SRTestAppTests.swift in Sources */ = {isa = PBXBuildFile; fileRef = 00C41BB31E699CAB00D8AFBF /* SRTestAppTests.swift */; };
		00C41BBF1E699CAB00D8AFBF /* SRTestAppUITests.swift in Sources */ = {isa = PBXBuildFile; fileRef = 00C41BBE1E699CAB00D8AFBF /* SRTestAppUITests.swift */; };
		5A027257CF0567DC146E1400 /* Pods_SRTestAppTests.framework in Frameworks */ = {isa = PBXBuildFile; fileRef = 16AF18FAE7AEC369FF440767 /* Pods_SRTestAppTests.framework */; };
		CBF7DB53D7CAC23F5F0ED01A /* Pods_SRTestAppUITests.framework in Frameworks */ = {isa = PBXBuildFile; fileRef = E7C88644D09BF11B73641AD0 /* Pods_SRTestAppUITests.framework */; };
		D5834FF4ABB6E943E4CA07EA /* Pods_SRTestApp.framework in Frameworks */ = {isa = PBXBuildFile; fileRef = 9F7A9D285187AF4649632C92 /* Pods_SRTestApp.framework */; };
/* End PBXBuildFile section */

/* Begin PBXContainerItemProxy section */
		00C41BB01E699CAB00D8AFBF /* PBXContainerItemProxy */ = {
			isa = PBXContainerItemProxy;
			containerPortal = 00C41B931E699CAB00D8AFBF /* Project object */;
			proxyType = 1;
			remoteGlobalIDString = 00C41B9A1E699CAB00D8AFBF;
			remoteInfo = SRTestApp;
		};
		00C41BBB1E699CAB00D8AFBF /* PBXContainerItemProxy */ = {
			isa = PBXContainerItemProxy;
			containerPortal = 00C41B931E699CAB00D8AFBF /* Project object */;
			proxyType = 1;
			remoteGlobalIDString = 00C41B9A1E699CAB00D8AFBF;
			remoteInfo = SRTestApp;
		};
/* End PBXContainerItemProxy section */

/* Begin PBXFileReference section */
		00C41B9B1E699CAB00D8AFBF /* SRTestApp.app */ = {isa = PBXFileReference; explicitFileType = wrapper.application; includeInIndex = 0; path = SRTestApp.app; sourceTree = BUILT_PRODUCTS_DIR; };
		00C41B9E1E699CAB00D8AFBF /* AppDelegate.swift */ = {isa = PBXFileReference; lastKnownFileType = sourcecode.swift; path = AppDelegate.swift; sourceTree = "<group>"; };
		00C41BA01E699CAB00D8AFBF /* ViewController.swift */ = {isa = PBXFileReference; lastKnownFileType = sourcecode.swift; path = ViewController.swift; sourceTree = "<group>"; };
		00C41BA31E699CAB00D8AFBF /* Base */ = {isa = PBXFileReference; lastKnownFileType = file.storyboard; name = Base; path = Base.lproj/Main.storyboard; sourceTree = "<group>"; };
		00C41BA51E699CAB00D8AFBF /* Assets.xcassets */ = {isa = PBXFileReference; lastKnownFileType = folder.assetcatalog; path = Assets.xcassets; sourceTree = "<group>"; };
		00C41BA81E699CAB00D8AFBF /* Base */ = {isa = PBXFileReference; lastKnownFileType = file.storyboard; name = Base; path = Base.lproj/LaunchScreen.storyboard; sourceTree = "<group>"; };
		00C41BAA1E699CAB00D8AFBF /* Info.plist */ = {isa = PBXFileReference; lastKnownFileType = text.plist.xml; path = Info.plist; sourceTree = "<group>"; };
		00C41BAF1E699CAB00D8AFBF /* SRTestAppTests.xctest */ = {isa = PBXFileReference; explicitFileType = wrapper.cfbundle; includeInIndex = 0; path = SRTestAppTests.xctest; sourceTree = BUILT_PRODUCTS_DIR; };
		00C41BB31E699CAB00D8AFBF /* SRTestAppTests.swift */ = {isa = PBXFileReference; lastKnownFileType = sourcecode.swift; path = SRTestAppTests.swift; sourceTree = "<group>"; };
		00C41BB51E699CAB00D8AFBF /* Info.plist */ = {isa = PBXFileReference; lastKnownFileType = text.plist.xml; path = Info.plist; sourceTree = "<group>"; };
		00C41BBA1E699CAB00D8AFBF /* SRTestAppUITests.xctest */ = {isa = PBXFileReference; explicitFileType = wrapper.cfbundle; includeInIndex = 0; path = SRTestAppUITests.xctest; sourceTree = BUILT_PRODUCTS_DIR; };
		00C41BBE1E699CAB00D8AFBF /* SRTestAppUITests.swift */ = {isa = PBXFileReference; lastKnownFileType = sourcecode.swift; path = SRTestAppUITests.swift; sourceTree = "<group>"; };
		00C41BC01E699CAB00D8AFBF /* Info.plist */ = {isa = PBXFileReference; lastKnownFileType = text.plist.xml; path = Info.plist; sourceTree = "<group>"; };
		16AF18FAE7AEC369FF440767 /* Pods_SRTestAppTests.framework */ = {isa = PBXFileReference; explicitFileType = wrapper.framework; includeInIndex = 0; path = Pods_SRTestAppTests.framework; sourceTree = BUILT_PRODUCTS_DIR; };
		1B06F348D494703A0D3295FE /* Pods-SRTestAppTests.release.xcconfig */ = {isa = PBXFileReference; includeInIndex = 1; lastKnownFileType = text.xcconfig; name = "Pods-SRTestAppTests.release.xcconfig"; path = "Pods/Target Support Files/Pods-SRTestAppTests/Pods-SRTestAppTests.release.xcconfig"; sourceTree = "<group>"; };
		4CEB36FBD624907A060E8DE6 /* Pods-SRTestAppTests.debug.xcconfig */ = {isa = PBXFileReference; includeInIndex = 1; lastKnownFileType = text.xcconfig; name = "Pods-SRTestAppTests.debug.xcconfig"; path = "Pods/Target Support Files/Pods-SRTestAppTests/Pods-SRTestAppTests.debug.xcconfig"; sourceTree = "<group>"; };
		9F7A9D285187AF4649632C92 /* Pods_SRTestApp.framework */ = {isa = PBXFileReference; explicitFileType = wrapper.framework; includeInIndex = 0; path = Pods_SRTestApp.framework; sourceTree = BUILT_PRODUCTS_DIR; };
		B2EDC3E82A8ED29B2B054B12 /* Pods-SRTestAppUITests.debug.xcconfig */ = {isa = PBXFileReference; includeInIndex = 1; lastKnownFileType = text.xcconfig; name = "Pods-SRTestAppUITests.debug.xcconfig"; path = "Pods/Target Support Files/Pods-SRTestAppUITests/Pods-SRTestAppUITests.debug.xcconfig"; sourceTree = "<group>"; };
		B5729D647213E87AFEC69AED /* Pods-SRTestApp.debug.xcconfig */ = {isa = PBXFileReference; includeInIndex = 1; lastKnownFileType = text.xcconfig; name = "Pods-SRTestApp.debug.xcconfig"; path = "Pods/Target Support Files/Pods-SRTestApp/Pods-SRTestApp.debug.xcconfig"; sourceTree = "<group>"; };
		BA67C11486377D57EFD6B923 /* Pods-SRTestAppUITests.release.xcconfig */ = {isa = PBXFileReference; includeInIndex = 1; lastKnownFileType = text.xcconfig; name = "Pods-SRTestAppUITests.release.xcconfig"; path = "Pods/Target Support Files/Pods-SRTestAppUITests/Pods-SRTestAppUITests.release.xcconfig"; sourceTree = "<group>"; };
		E7C88644D09BF11B73641AD0 /* Pods_SRTestAppUITests.framework */ = {isa = PBXFileReference; explicitFileType = wrapper.framework; includeInIndex = 0; path = Pods_SRTestAppUITests.framework; sourceTree = BUILT_PRODUCTS_DIR; };
		E85D3E91193008BF38D9A0F1 /* Pods-SRTestApp.release.xcconfig */ = {isa = PBXFileReference; includeInIndex = 1; lastKnownFileType = text.xcconfig; name = "Pods-SRTestApp.release.xcconfig"; path = "Pods/Target Support Files/Pods-SRTestApp/Pods-SRTestApp.release.xcconfig"; sourceTree = "<group>"; };
/* End PBXFileReference section */

/* Begin PBXFrameworksBuildPhase section */
		00C41B981E699CAB00D8AFBF /* Frameworks */ = {
			isa = PBXFrameworksBuildPhase;
			buildActionMask = 2147483647;
			files = (
				D5834FF4ABB6E943E4CA07EA /* Pods_SRTestApp.framework in Frameworks */,
			);
			runOnlyForDeploymentPostprocessing = 0;
		};
		00C41BAC1E699CAB00D8AFBF /* Frameworks */ = {
			isa = PBXFrameworksBuildPhase;
			buildActionMask = 2147483647;
			files = (
				5A027257CF0567DC146E1400 /* Pods_SRTestAppTests.framework in Frameworks */,
			);
			runOnlyForDeploymentPostprocessing = 0;
		};
		00C41BB71E699CAB00D8AFBF /* Frameworks */ = {
			isa = PBXFrameworksBuildPhase;
			buildActionMask = 2147483647;
			files = (
				CBF7DB53D7CAC23F5F0ED01A /* Pods_SRTestAppUITests.framework in Frameworks */,
			);
			runOnlyForDeploymentPostprocessing = 0;
		};
/* End PBXFrameworksBuildPhase section */

/* Begin PBXGroup section */
		00C41B921E699CAB00D8AFBF = {
			isa = PBXGroup;
			children = (
				00C41B9D1E699CAB00D8AFBF /* SRTestApp */,
				00C41BB21E699CAB00D8AFBF /* SRTestAppTests */,
				00C41BBD1E699CAB00D8AFBF /* SRTestAppUITests */,
				00C41B9C1E699CAB00D8AFBF /* Products */,
				C5361F4312511D40E402D301 /* Pods */,
				ED6C73F718692ADDDA1BB5FC /* Frameworks */,
			);
			sourceTree = "<group>";
		};
		00C41B9C1E699CAB00D8AFBF /* Products */ = {
			isa = PBXGroup;
			children = (
				00C41B9B1E699CAB00D8AFBF /* SRTestApp.app */,
				00C41BAF1E699CAB00D8AFBF /* SRTestAppTests.xctest */,
				00C41BBA1E699CAB00D8AFBF /* SRTestAppUITests.xctest */,
			);
			name = Products;
			sourceTree = "<group>";
		};
		00C41B9D1E699CAB00D8AFBF /* SRTestApp */ = {
			isa = PBXGroup;
			children = (
				00C41B9E1E699CAB00D8AFBF /* AppDelegate.swift */,
				00C41BA01E699CAB00D8AFBF /* ViewController.swift */,
				00C41BA21E699CAB00D8AFBF /* Main.storyboard */,
				00C41BA51E699CAB00D8AFBF /* Assets.xcassets */,
				00C41BA71E699CAB00D8AFBF /* LaunchScreen.storyboard */,
				00C41BAA1E699CAB00D8AFBF /* Info.plist */,
			);
			path = SRTestApp;
			sourceTree = "<group>";
		};
		00C41BB21E699CAB00D8AFBF /* SRTestAppTests */ = {
			isa = PBXGroup;
			children = (
				00C41BB31E699CAB00D8AFBF /* SRTestAppTests.swift */,
				00C41BB51E699CAB00D8AFBF /* Info.plist */,
			);
			path = SRTestAppTests;
			sourceTree = "<group>";
		};
		00C41BBD1E699CAB00D8AFBF /* SRTestAppUITests */ = {
			isa = PBXGroup;
			children = (
				00C41BBE1E699CAB00D8AFBF /* SRTestAppUITests.swift */,
				00C41BC01E699CAB00D8AFBF /* Info.plist */,
			);
			path = SRTestAppUITests;
			sourceTree = "<group>";
		};
		C5361F4312511D40E402D301 /* Pods */ = {
			isa = PBXGroup;
			children = (
				B5729D647213E87AFEC69AED /* Pods-SRTestApp.debug.xcconfig */,
				E85D3E91193008BF38D9A0F1 /* Pods-SRTestApp.release.xcconfig */,
				4CEB36FBD624907A060E8DE6 /* Pods-SRTestAppTests.debug.xcconfig */,
				1B06F348D494703A0D3295FE /* Pods-SRTestAppTests.release.xcconfig */,
				B2EDC3E82A8ED29B2B054B12 /* Pods-SRTestAppUITests.debug.xcconfig */,
				BA67C11486377D57EFD6B923 /* Pods-SRTestAppUITests.release.xcconfig */,
			);
			name = Pods;
			sourceTree = "<group>";
		};
		ED6C73F718692ADDDA1BB5FC /* Frameworks */ = {
			isa = PBXGroup;
			children = (
				9F7A9D285187AF4649632C92 /* Pods_SRTestApp.framework */,
				16AF18FAE7AEC369FF440767 /* Pods_SRTestAppTests.framework */,
				E7C88644D09BF11B73641AD0 /* Pods_SRTestAppUITests.framework */,
			);
			name = Frameworks;
			sourceTree = "<group>";
		};
/* End PBXGroup section */

/* Begin PBXNativeTarget section */
		00C41B9A1E699CAB00D8AFBF /* SRTestApp */ = {
			isa = PBXNativeTarget;
			buildConfigurationList = 00C41BC31E699CAB00D8AFBF /* Build configuration list for PBXNativeTarget "SRTestApp" */;
			buildPhases = (
				315DC62FE984BC85923DE85D /* [CP] Check Pods Manifest.lock */,
				00C41B971E699CAB00D8AFBF /* Sources */,
				00C41B981E699CAB00D8AFBF /* Frameworks */,
				00C41B991E699CAB00D8AFBF /* Resources */,
				F1D922BBE767F78739DE8D67 /* [CP] Embed Pods Frameworks */,
				57411B7162FF6462C4F75DD3 /* [CP] Copy Pods Resources */,
			);
			buildRules = (
			);
			dependencies = (
			);
			name = SRTestApp;
			productName = SRTestApp;
			productReference = 00C41B9B1E699CAB00D8AFBF /* SRTestApp.app */;
			productType = "com.apple.product-type.application";
		};
		00C41BAE1E699CAB00D8AFBF /* SRTestAppTests */ = {
			isa = PBXNativeTarget;
			buildConfigurationList = 00C41BC61E699CAB00D8AFBF /* Build configuration list for PBXNativeTarget "SRTestAppTests" */;
			buildPhases = (
				F3221123DCF51E9A36ABB23D /* [CP] Check Pods Manifest.lock */,
				00C41BAB1E699CAB00D8AFBF /* Sources */,
				00C41BAC1E699CAB00D8AFBF /* Frameworks */,
				00C41BAD1E699CAB00D8AFBF /* Resources */,
				7BD0719CFB4AD0ADE4FFCAA5 /* [CP] Embed Pods Frameworks */,
				82302734491F6EF89801F387 /* [CP] Copy Pods Resources */,
			);
			buildRules = (
			);
			dependencies = (
				00C41BB11E699CAB00D8AFBF /* PBXTargetDependency */,
			);
			name = SRTestAppTests;
			productName = SRTestAppTests;
			productReference = 00C41BAF1E699CAB00D8AFBF /* SRTestAppTests.xctest */;
			productType = "com.apple.product-type.bundle.unit-test";
		};
		00C41BB91E699CAB00D8AFBF /* SRTestAppUITests */ = {
			isa = PBXNativeTarget;
			buildConfigurationList = 00C41BC91E699CAB00D8AFBF /* Build configuration list for PBXNativeTarget "SRTestAppUITests" */;
			buildPhases = (
				608E5899D5D2244586C2A78F /* [CP] Check Pods Manifest.lock */,
				00C41BB61E699CAB00D8AFBF /* Sources */,
				00C41BB71E699CAB00D8AFBF /* Frameworks */,
				00C41BB81E699CAB00D8AFBF /* Resources */,
				B7E1ED4A5D42376C415BFDF9 /* [CP] Embed Pods Frameworks */,
				908F40A4CF5458AD341B778A /* [CP] Copy Pods Resources */,
			);
			buildRules = (
			);
			dependencies = (
				00C41BBC1E699CAB00D8AFBF /* PBXTargetDependency */,
			);
			name = SRTestAppUITests;
			productName = SRTestAppUITests;
			productReference = 00C41BBA1E699CAB00D8AFBF /* SRTestAppUITests.xctest */;
			productType = "com.apple.product-type.bundle.ui-testing";
		};
/* End PBXNativeTarget section */

/* Begin PBXProject section */
		00C41B931E699CAB00D8AFBF /* Project object */ = {
			isa = PBXProject;
			attributes = {
				LastSwiftUpdateCheck = 0820;
				LastUpgradeCheck = 0820;
				ORGANIZATIONNAME = HomeOfRisingSun;
				TargetAttributes = {
					00C41B9A1E699CAB00D8AFBF = {
						CreatedOnToolsVersion = 8.2.1;
						DevelopmentTeam = 4E4L42WQ49;
						ProvisioningStyle = Automatic;
					};
					00C41BAE1E699CAB00D8AFBF = {
						CreatedOnToolsVersion = 8.2.1;
						DevelopmentTeam = 4E4L42WQ49;
						ProvisioningStyle = Automatic;
						TestTargetID = 00C41B9A1E699CAB00D8AFBF;
					};
					00C41BB91E699CAB00D8AFBF = {
						CreatedOnToolsVersion = 8.2.1;
						DevelopmentTeam = 4E4L42WQ49;
						ProvisioningStyle = Automatic;
						TestTargetID = 00C41B9A1E699CAB00D8AFBF;
					};
				};
			};
			buildConfigurationList = 00C41B961E699CAB00D8AFBF /* Build configuration list for PBXProject "SRTestApp" */;
			compatibilityVersion = "Xcode 3.2";
			developmentRegion = English;
			hasScannedForEncodings = 0;
			knownRegions = (
				en,
				Base,
			);
			mainGroup = 00C41B921E699CAB00D8AFBF;
			productRefGroup = 00C41B9C1E699CAB00D8AFBF /* Products */;
			projectDirPath = "";
			projectRoot = "";
			targets = (
				00C41B9A1E699CAB00D8AFBF /* SRTestApp */,
				00C41BAE1E699CAB00D8AFBF /* SRTestAppTests */,
				00C41BB91E699CAB00D8AFBF /* SRTestAppUITests */,
			);
		};
/* End PBXProject section */

/* Begin PBXResourcesBuildPhase section */
		00C41B991E699CAB00D8AFBF /* Resources */ = {
			isa = PBXResourcesBuildPhase;
			buildActionMask = 2147483647;
			files = (
				00C41BA91E699CAB00D8AFBF /* LaunchScreen.storyboard in Resources */,
				00C41BA61E699CAB00D8AFBF /* Assets.xcassets in Resources */,
				00C41BA41E699CAB00D8AFBF /* Main.storyboard in Resources */,
			);
			runOnlyForDeploymentPostprocessing = 0;
		};
		00C41BAD1E699CAB00D8AFBF /* Resources */ = {
			isa = PBXResourcesBuildPhase;
			buildActionMask = 2147483647;
			files = (
			);
			runOnlyForDeploymentPostprocessing = 0;
		};
		00C41BB81E699CAB00D8AFBF /* Resources */ = {
			isa = PBXResourcesBuildPhase;
			buildActionMask = 2147483647;
			files = (
			);
			runOnlyForDeploymentPostprocessing = 0;
		};
/* End PBXResourcesBuildPhase section */

/* Begin PBXShellScriptBuildPhase section */
		315DC62FE984BC85923DE85D /* [CP] Check Pods Manifest.lock */ = {
			isa = PBXShellScriptBuildPhase;
			buildActionMask = 2147483647;
			files = (
			);
			inputPaths = (
			);
			name = "[CP] Check Pods Manifest.lock";
			outputPaths = (
			);
			runOnlyForDeploymentPostprocessing = 0;
			shellPath = /bin/sh;
			shellScript = "diff \"${PODS_ROOT}/../Podfile.lock\" \"${PODS_ROOT}/Manifest.lock\" > /dev/null\nif [ $? != 0 ] ; then\n    # print error to STDERR\n    echo \"error: The sandbox is not in sync with the Podfile.lock. Run 'pod install' or update your CocoaPods installation.\" >&2\n    exit 1\nfi\n";
			showEnvVarsInLog = 0;
		};
		57411B7162FF6462C4F75DD3 /* [CP] Copy Pods Resources */ = {
			isa = PBXShellScriptBuildPhase;
			buildActionMask = 2147483647;
			files = (
			);
			inputPaths = (
			);
			name = "[CP] Copy Pods Resources";
			outputPaths = (
			);
			runOnlyForDeploymentPostprocessing = 0;
			shellPath = /bin/sh;
			shellScript = "\"${SRCROOT}/Pods/Target Support Files/Pods-SRTestApp/Pods-SRTestApp-resources.sh\"\n";
			showEnvVarsInLog = 0;
		};
		608E5899D5D2244586C2A78F /* [CP] Check Pods Manifest.lock */ = {
			isa = PBXShellScriptBuildPhase;
			buildActionMask = 2147483647;
			files = (
			);
			inputPaths = (
			);
			name = "[CP] Check Pods Manifest.lock";
			outputPaths = (
			);
			runOnlyForDeploymentPostprocessing = 0;
			shellPath = /bin/sh;
			shellScript = "diff \"${PODS_ROOT}/../Podfile.lock\" \"${PODS_ROOT}/Manifest.lock\" > /dev/null\nif [ $? != 0 ] ; then\n    # print error to STDERR\n    echo \"error: The sandbox is not in sync with the Podfile.lock. Run 'pod install' or update your CocoaPods installation.\" >&2\n    exit 1\nfi\n";
			showEnvVarsInLog = 0;
		};
		7BD0719CFB4AD0ADE4FFCAA5 /* [CP] Embed Pods Frameworks */ = {
			isa = PBXShellScriptBuildPhase;
			buildActionMask = 2147483647;
			files = (
			);
			inputPaths = (
			);
			name = "[CP] Embed Pods Frameworks";
			outputPaths = (
			);
			runOnlyForDeploymentPostprocessing = 0;
			shellPath = /bin/sh;
			shellScript = "\"${SRCROOT}/Pods/Target Support Files/Pods-SRTestAppTests/Pods-SRTestAppTests-frameworks.sh\"\n";
			showEnvVarsInLog = 0;
		};
		82302734491F6EF89801F387 /* [CP] Copy Pods Resources */ = {
			isa = PBXShellScriptBuildPhase;
			buildActionMask = 2147483647;
			files = (
			);
			inputPaths = (
			);
			name = "[CP] Copy Pods Resources";
			outputPaths = (
			);
			runOnlyForDeploymentPostprocessing = 0;
			shellPath = /bin/sh;
			shellScript = "\"${SRCROOT}/Pods/Target Support Files/Pods-SRTestAppTests/Pods-SRTestAppTests-resources.sh\"\n";
			showEnvVarsInLog = 0;
		};
		908F40A4CF5458AD341B778A /* [CP] Copy Pods Resources */ = {
			isa = PBXShellScriptBuildPhase;
			buildActionMask = 2147483647;
			files = (
			);
			inputPaths = (
			);
			name = "[CP] Copy Pods Resources";
			outputPaths = (
			);
			runOnlyForDeploymentPostprocessing = 0;
			shellPath = /bin/sh;
			shellScript = "\"${SRCROOT}/Pods/Target Support Files/Pods-SRTestAppUITests/Pods-SRTestAppUITests-resources.sh\"\n";
			showEnvVarsInLog = 0;
		};
		B7E1ED4A5D42376C415BFDF9 /* [CP] Embed Pods Frameworks */ = {
			isa = PBXShellScriptBuildPhase;
			buildActionMask = 2147483647;
			files = (
			);
			inputPaths = (
			);
			name = "[CP] Embed Pods Frameworks";
			outputPaths = (
			);
			runOnlyForDeploymentPostprocessing = 0;
			shellPath = /bin/sh;
			shellScript = "\"${SRCROOT}/Pods/Target Support Files/Pods-SRTestAppUITests/Pods-SRTestAppUITests-frameworks.sh\"\n";
			showEnvVarsInLog = 0;
		};
		F1D922BBE767F78739DE8D67 /* [CP] Embed Pods Frameworks */ = {
			isa = PBXShellScriptBuildPhase;
			buildActionMask = 2147483647;
			files = (
			);
			inputPaths = (
			);
			name = "[CP] Embed Pods Frameworks";
			outputPaths = (
			);
			runOnlyForDeploymentPostprocessing = 0;
			shellPath = /bin/sh;
			shellScript = "\"${SRCROOT}/Pods/Target Support Files/Pods-SRTestApp/Pods-SRTestApp-frameworks.sh\"\n";
			showEnvVarsInLog = 0;
		};
		F3221123DCF51E9A36ABB23D /* [CP] Check Pods Manifest.lock */ = {
			isa = PBXShellScriptBuildPhase;
			buildActionMask = 2147483647;
			files = (
			);
			inputPaths = (
			);
			name = "[CP] Check Pods Manifest.lock";
			outputPaths = (
			);
			runOnlyForDeploymentPostprocessing = 0;
			shellPath = /bin/sh;
			shellScript = "diff \"${PODS_ROOT}/../Podfile.lock\" \"${PODS_ROOT}/Manifest.lock\" > /dev/null\nif [ $? != 0 ] ; then\n    # print error to STDERR\n    echo \"error: The sandbox is not in sync with the Podfile.lock. Run 'pod install' or update your CocoaPods installation.\" >&2\n    exit 1\nfi\n";
			showEnvVarsInLog = 0;
		};
/* End PBXShellScriptBuildPhase section */

/* Begin PBXSourcesBuildPhase section */
		00C41B971E699CAB00D8AFBF /* Sources */ = {
			isa = PBXSourcesBuildPhase;
			buildActionMask = 2147483647;
			files = (
				00C41BA11E699CAB00D8AFBF /* ViewController.swift in Sources */,
				00C41B9F1E699CAB00D8AFBF /* AppDelegate.swift in Sources */,
			);
			runOnlyForDeploymentPostprocessing = 0;
		};
		00C41BAB1E699CAB00D8AFBF /* Sources */ = {
			isa = PBXSourcesBuildPhase;
			buildActionMask = 2147483647;
			files = (
				00C41BB41E699CAB00D8AFBF /* SRTestAppTests.swift in Sources */,
			);
			runOnlyForDeploymentPostprocessing = 0;
		};
		00C41BB61E699CAB00D8AFBF /* Sources */ = {
			isa = PBXSourcesBuildPhase;
			buildActionMask = 2147483647;
			files = (
				00C41BBF1E699CAB00D8AFBF /* SRTestAppUITests.swift in Sources */,
			);
			runOnlyForDeploymentPostprocessing = 0;
		};
/* End PBXSourcesBuildPhase section */

/* Begin PBXTargetDependency section */
		00C41BB11E699CAB00D8AFBF /* PBXTargetDependency */ = {
			isa = PBXTargetDependency;
			target = 00C41B9A1E699CAB00D8AFBF /* SRTestApp */;
			targetProxy = 00C41BB01E699CAB00D8AFBF /* PBXContainerItemProxy */;
		};
		00C41BBC1E699CAB00D8AFBF /* PBXTargetDependency */ = {
			isa = PBXTargetDependency;
			target = 00C41B9A1E699CAB00D8AFBF /* SRTestApp */;
			targetProxy = 00C41BBB1E699CAB00D8AFBF /* PBXContainerItemProxy */;
		};
/* End PBXTargetDependency section */

/* Begin PBXVariantGroup section */
		00C41BA21E699CAB00D8AFBF /* Main.storyboard */ = {
			isa = PBXVariantGroup;
			children = (
				00C41BA31E699CAB00D8AFBF /* Base */,
			);
			name = Main.storyboard;
			sourceTree = "<group>";
		};
		00C41BA71E699CAB00D8AFBF /* LaunchScreen.storyboard */ = {
			isa = PBXVariantGroup;
			children = (
				00C41BA81E699CAB00D8AFBF /* Base */,
			);
			name = LaunchScreen.storyboard;
			sourceTree = "<group>";
		};
/* End PBXVariantGroup section */

/* Begin XCBuildConfiguration section */
		00C41BC11E699CAB00D8AFBF /* Debug */ = {
			isa = XCBuildConfiguration;
			buildSettings = {
				ALWAYS_SEARCH_USER_PATHS = NO;
				CLANG_ANALYZER_NONNULL = YES;
				CLANG_CXX_LANGUAGE_STANDARD = "gnu++0x";
				CLANG_CXX_LIBRARY = "libc++";
				CLANG_ENABLE_MODULES = YES;
				CLANG_ENABLE_OBJC_ARC = YES;
				CLANG_WARN_BOOL_CONVERSION = YES;
				CLANG_WARN_CONSTANT_CONVERSION = YES;
				CLANG_WARN_DIRECT_OBJC_ISA_USAGE = YES_ERROR;
				CLANG_WARN_DOCUMENTATION_COMMENTS = YES;
				CLANG_WARN_EMPTY_BODY = YES;
				CLANG_WARN_ENUM_CONVERSION = YES;
				CLANG_WARN_INFINITE_RECURSION = YES;
				CLANG_WARN_INT_CONVERSION = YES;
				CLANG_WARN_OBJC_ROOT_CLASS = YES_ERROR;
				CLANG_WARN_SUSPICIOUS_MOVE = YES;
				CLANG_WARN_UNREACHABLE_CODE = YES;
				CLANG_WARN__DUPLICATE_METHOD_MATCH = YES;
				"CODE_SIGN_IDENTITY[sdk=iphoneos*]" = "iPhone Developer";
				COPY_PHASE_STRIP = NO;
				DEBUG_INFORMATION_FORMAT = dwarf;
				ENABLE_STRICT_OBJC_MSGSEND = YES;
				ENABLE_TESTABILITY = YES;
				GCC_C_LANGUAGE_STANDARD = gnu99;
				GCC_DYNAMIC_NO_PIC = NO;
				GCC_NO_COMMON_BLOCKS = YES;
				GCC_OPTIMIZATION_LEVEL = 0;
				GCC_PREPROCESSOR_DEFINITIONS = (
					"DEBUG=1",
					"$(inherited)",
				);
				GCC_WARN_64_TO_32_BIT_CONVERSION = YES;
				GCC_WARN_ABOUT_RETURN_TYPE = YES_ERROR;
				GCC_WARN_UNDECLARED_SELECTOR = YES;
				GCC_WARN_UNINITIALIZED_AUTOS = YES_AGGRESSIVE;
				GCC_WARN_UNUSED_FUNCTION = YES;
				GCC_WARN_UNUSED_VARIABLE = YES;
				IPHONEOS_DEPLOYMENT_TARGET = 10.2;
				MTL_ENABLE_DEBUG_INFO = YES;
				ONLY_ACTIVE_ARCH = YES;
				SDKROOT = iphoneos;
				SWIFT_ACTIVE_COMPILATION_CONDITIONS = DEBUG;
				SWIFT_OPTIMIZATION_LEVEL = "-Onone";
			};
			name = Debug;
		};
		00C41BC21E699CAB00D8AFBF /* Release */ = {
			isa = XCBuildConfiguration;
			buildSettings = {
				ALWAYS_SEARCH_USER_PATHS = NO;
				CLANG_ANALYZER_NONNULL = YES;
				CLANG_CXX_LANGUAGE_STANDARD = "gnu++0x";
				CLANG_CXX_LIBRARY = "libc++";
				CLANG_ENABLE_MODULES = YES;
				CLANG_ENABLE_OBJC_ARC = YES;
				CLANG_WARN_BOOL_CONVERSION = YES;
				CLANG_WARN_CONSTANT_CONVERSION = YES;
				CLANG_WARN_DIRECT_OBJC_ISA_USAGE = YES_ERROR;
				CLANG_WARN_DOCUMENTATION_COMMENTS = YES;
				CLANG_WARN_EMPTY_BODY = YES;
				CLANG_WARN_ENUM_CONVERSION = YES;
				CLANG_WARN_INFINITE_RECURSION = YES;
				CLANG_WARN_INT_CONVERSION = YES;
				CLANG_WARN_OBJC_ROOT_CLASS = YES_ERROR;
				CLANG_WARN_SUSPICIOUS_MOVE = YES;
				CLANG_WARN_UNREACHABLE_CODE = YES;
				CLANG_WARN__DUPLICATE_METHOD_MATCH = YES;
				"CODE_SIGN_IDENTITY[sdk=iphoneos*]" = "iPhone Developer";
				COPY_PHASE_STRIP = NO;
				DEBUG_INFORMATION_FORMAT = "dwarf-with-dsym";
				ENABLE_NS_ASSERTIONS = NO;
				ENABLE_STRICT_OBJC_MSGSEND = YES;
				GCC_C_LANGUAGE_STANDARD = gnu99;
				GCC_NO_COMMON_BLOCKS = YES;
				GCC_WARN_64_TO_32_BIT_CONVERSION = YES;
				GCC_WARN_ABOUT_RETURN_TYPE = YES_ERROR;
				GCC_WARN_UNDECLARED_SELECTOR = YES;
				GCC_WARN_UNINITIALIZED_AUTOS = YES_AGGRESSIVE;
				GCC_WARN_UNUSED_FUNCTION = YES;
				GCC_WARN_UNUSED_VARIABLE = YES;
				IPHONEOS_DEPLOYMENT_TARGET = 10.2;
				MTL_ENABLE_DEBUG_INFO = NO;
				SDKROOT = iphoneos;
				SWIFT_OPTIMIZATION_LEVEL = "-Owholemodule";
				VALIDATE_PRODUCT = YES;
			};
			name = Release;
		};
		00C41BC41E699CAB00D8AFBF /* Debug */ = {
			isa = XCBuildConfiguration;
			baseConfigurationReference = B5729D647213E87AFEC69AED /* Pods-SRTestApp.debug.xcconfig */;
			buildSettings = {
				ASSETCATALOG_COMPILER_APPICON_NAME = AppIcon;
				DEVELOPMENT_TEAM = 4E4L42WQ49;
				INFOPLIST_FILE = SRTestApp/Info.plist;
				LD_RUNPATH_SEARCH_PATHS = "$(inherited) @executable_path/Frameworks";
				PRODUCT_BUNDLE_IDENTIFIER = HomeOfRisingSun.SRTestApp;
				PRODUCT_NAME = "$(TARGET_NAME)";
				SWIFT_VERSION = 3.0;
			};
			name = Debug;
		};
		00C41BC51E699CAB00D8AFBF /* Release */ = {
			isa = XCBuildConfiguration;
			baseConfigurationReference = E85D3E91193008BF38D9A0F1 /* Pods-SRTestApp.release.xcconfig */;
			buildSettings = {
				ASSETCATALOG_COMPILER_APPICON_NAME = AppIcon;
				DEVELOPMENT_TEAM = 4E4L42WQ49;
				INFOPLIST_FILE = SRTestApp/Info.plist;
				LD_RUNPATH_SEARCH_PATHS = "$(inherited) @executable_path/Frameworks";
				PRODUCT_BUNDLE_IDENTIFIER = HomeOfRisingSun.SRTestApp;
				PRODUCT_NAME = "$(TARGET_NAME)";
				SWIFT_VERSION = 3.0;
			};
			name = Release;
		};
		00C41BC71E699CAB00D8AFBF /* Debug */ = {
			isa = XCBuildConfiguration;
			baseConfigurationReference = 4CEB36FBD624907A060E8DE6 /* Pods-SRTestAppTests.debug.xcconfig */;
			buildSettings = {
				ALWAYS_EMBED_SWIFT_STANDARD_LIBRARIES = YES;
				BUNDLE_LOADER = "$(TEST_HOST)";
				DEVELOPMENT_TEAM = 4E4L42WQ49;
				INFOPLIST_FILE = SRTestAppTests/Info.plist;
				LD_RUNPATH_SEARCH_PATHS = "$(inherited) @executable_path/Frameworks @loader_path/Frameworks";
				PRODUCT_BUNDLE_IDENTIFIER = HomeOfRisingSun.SRTestAppTests;
				PRODUCT_NAME = "$(TARGET_NAME)";
				SWIFT_VERSION = 3.0;
				TEST_HOST = "$(BUILT_PRODUCTS_DIR)/SRTestApp.app/SRTestApp";
			};
			name = Debug;
		};
		00C41BC81E699CAB00D8AFBF /* Release */ = {
			isa = XCBuildConfiguration;
			baseConfigurationReference = 1B06F348D494703A0D3295FE /* Pods-SRTestAppTests.release.xcconfig */;
			buildSettings = {
				ALWAYS_EMBED_SWIFT_STANDARD_LIBRARIES = YES;
				BUNDLE_LOADER = "$(TEST_HOST)";
				DEVELOPMENT_TEAM = 4E4L42WQ49;
				INFOPLIST_FILE = SRTestAppTests/Info.plist;
				LD_RUNPATH_SEARCH_PATHS = "$(inherited) @executable_path/Frameworks @loader_path/Frameworks";
				PRODUCT_BUNDLE_IDENTIFIER = HomeOfRisingSun.SRTestAppTests;
				PRODUCT_NAME = "$(TARGET_NAME)";
				SWIFT_VERSION = 3.0;
				TEST_HOST = "$(BUILT_PRODUCTS_DIR)/SRTestApp.app/SRTestApp";
			};
			name = Release;
		};
		00C41BCA1E699CAB00D8AFBF /* Debug */ = {
			isa = XCBuildConfiguration;
			baseConfigurationReference = B2EDC3E82A8ED29B2B054B12 /* Pods-SRTestAppUITests.debug.xcconfig */;
			buildSettings = {
				ALWAYS_EMBED_SWIFT_STANDARD_LIBRARIES = YES;
				DEVELOPMENT_TEAM = 4E4L42WQ49;
				INFOPLIST_FILE = SRTestAppUITests/Info.plist;
				LD_RUNPATH_SEARCH_PATHS = "$(inherited) @executable_path/Frameworks @loader_path/Frameworks";
				PRODUCT_BUNDLE_IDENTIFIER = HomeOfRisingSun.SRTestAppUITests;
				PRODUCT_NAME = "$(TARGET_NAME)";
				SWIFT_VERSION = 3.0;
				TEST_TARGET_NAME = SRTestApp;
			};
			name = Debug;
		};
		00C41BCB1E699CAB00D8AFBF /* Release */ = {
			isa = XCBuildConfiguration;
			baseConfigurationReference = BA67C11486377D57EFD6B923 /* Pods-SRTestAppUITests.release.xcconfig */;
			buildSettings = {
				ALWAYS_EMBED_SWIFT_STANDARD_LIBRARIES = YES;
				DEVELOPMENT_TEAM = 4E4L42WQ49;
				INFOPLIST_FILE = SRTestAppUITests/Info.plist;
				LD_RUNPATH_SEARCH_PATHS = "$(inherited) @executable_path/Frameworks @loader_path/Frameworks";
				PRODUCT_BUNDLE_IDENTIFIER = HomeOfRisingSun.SRTestAppUITests;
				PRODUCT_NAME = "$(TARGET_NAME)";
				SWIFT_VERSION = 3.0;
				TEST_TARGET_NAME = SRTestApp;
			};
			name = Release;
		};
/* End XCBuildConfiguration section */

/* Begin XCConfigurationList section */
		00C41B961E699CAB00D8AFBF /* Build configuration list for PBXProject "SRTestApp" */ = {
			isa = XCConfigurationList;
			buildConfigurations = (
				00C41BC11E699CAB00D8AFBF /* Debug */,
				00C41BC21E699CAB00D8AFBF /* Release */,
			);
			defaultConfigurationIsVisible = 0;
			defaultConfigurationName = Release;
		};
		00C41BC31E699CAB00D8AFBF /* Build configuration list for PBXNativeTarget "SRTestApp" */ = {
			isa = XCConfigurationList;
			buildConfigurations = (
				00C41BC41E699CAB00D8AFBF /* Debug */,
				00C41BC51E699CAB00D8AFBF /* Release */,
			);
			defaultConfigurationIsVisible = 0;
		};
		00C41BC61E699CAB00D8AFBF /* Build configuration list for PBXNativeTarget "SRTestAppTests" */ = {
			isa = XCConfigurationList;
			buildConfigurations = (
				00C41BC71E699CAB00D8AFBF /* Debug */,
				00C41BC81E699CAB00D8AFBF /* Release */,
			);
			defaultConfigurationIsVisible = 0;
		};
		00C41BC91E699CAB00D8AFBF /* Build configuration list for PBXNativeTarget "SRTestAppUITests" */ = {
			isa = XCConfigurationList;
			buildConfigurations = (
				00C41BCA1E699CAB00D8AFBF /* Debug */,
				00C41BCB1E699CAB00D8AFBF /* Release */,
			);
			defaultConfigurationIsVisible = 0;
		};
/* End XCConfigurationList section */
	};
	rootObject = 00C41B931E699CAB00D8AFBF /* Project object */;
}
